<Solution>

  <Configurations>
    <BuildType Name="Debug" />
    <BuildType Name="ExportDebug" />
    <BuildType Name="ExportRelease" />
  </Configurations>

  <Folder Name="/src/">
    <Project Path="core/x.csproj" />
    <Project Path="Go.csproj" />
  </Folder>

  <Folder Name="/test/">
    <Project Path="test/core/x.csproj" />
  </Folder>

</Solution>